Microsoft Visual Studio Solution File, Format Version 12.00
# Visual Studio Version 17
VisualStudioVersion = 17.5.2.0
MinimumVisualStudioVersion = 10.0.40219.1
Project("{FAE04EC0-301F-11D3-BF4B-00C04F79EFBC}") = "c#_app", "c#_app.csproj", "{2921E685-5835-B199-9578-3C73F643915E}"
EndProject
Global
	GlobalSection(SolutionConfigurationPlatforms) = preSolution
		Debug|Any CPU = Debug|Any CPU
		Release|Any CPU = Release|Any CPU
	EndGlobalSection
	GlobalSection(ProjectConfigurationPlatforms) = postSolution
		{2921E685-5835-B199-9578-3C73F643915E}.Debug|Any CPU.ActiveCfg = Debug|Any CPU
		{2921E685-5835-B199-9578-3C73F643915E}.Debug|Any CPU.Build.0 = Debug|Any CPU
		{2921E685-5835-B199-9578-3C73F643915E}.Release|Any CPU.ActiveCfg = Release|Any CPU
		{2921E685-5835-B199-9578-3C73F643915E}.Release|Any CPU.Build.0 = Release|Any CPU
	EndGlobalSection
	GlobalSection(SolutionProperties) = preSolution
		HideSolutionNode = FALSE
	EndGlobalSection
	GlobalSection(ExtensibilityGlobals) = postSolution
		SolutionGuid = {B10CB161-E447-4136-B32A-C453A1A71689}
	EndGlobalSection
EndGlobal
